
Microsoft Visual Studio Solution File, Format Version 12.00
# Visual Studio Version 17
VisualStudioVersion = 17.4.33213.308
MinimumVisualStudioVersion = 10.0.40219.1
Project("{FAE04EC0-301F-11D3-BF4B-00C04F79EFBC}") = "fibonacci", "fibonacci\fibonacci.csproj", "{8D572833-2090-45D7-8EAD-888E068E8490}"
EndProject
Global
	GlobalSection(SolutionConfigurationPlatforms) = preSolution
		Debug|Any CPU = Debug|Any CPU
		Release|Any CPU = Release|Any CPU
	EndGlobalSection
	GlobalSection(ProjectConfigurationPlatforms) = postSolution
		{8D572833-2090-45D7-8EAD-888E068E8490}.Debug|Any CPU.ActiveCfg = Debug|Any CPU
		{8D572833-2090-45D7-8EAD-888E068E8490}.Debug|Any CPU.Build.0 = Debug|Any CPU
		{8D572833-2090-45D7-8EAD-888E068E8490}.Release|Any CPU.ActiveCfg = Release|Any CPU
		{8D572833-2090-45D7-8EAD-888E068E8490}.Release|Any CPU.Build.0 = Release|Any CPU
	EndGlobalSection
	GlobalSection(SolutionProperties) = preSolution
		HideSolutionNode = FALSE
	EndGlobalSection
	GlobalSection(ExtensibilityGlobals) = postSolution
		SolutionGuid = {4A51C940-5EC8-4637-8C2E-5FD5995F73C2}
	EndGlobalSection
EndGlobal
